
Microsoft Visual Studio Solution File, Format Version 12.00
# Visual Studio 14
VisualStudioVersion = 14.0.25420.1
MinimumVisualStudioVersion = 10.0.40219.1
Project("{FAE04EC0-301F-11D3-BF4B-00C04F79EFBC}") = "Stark.Compiler", "compiler\Stark.Compiler\Stark.Compiler.csproj", "{894B539F-C457-4A89-8856-69F08D93E883}"
EndProject
Project("{FAE04EC0-301F-11D3-BF4B-00C04F79EFBC}") = "Stark.Compiler.Tests", "compiler\Stark.Compiler.Tests\Stark.Compiler.Tests.csproj", "{4276D5AF-9CC4-4EB0-A82C-C644D13CE251}"
	ProjectSection(ProjectDependencies) = postProject
		{B857F54C-E16E-4307-A680-5D828220E56B} = {B857F54C-E16E-4307-A680-5D828220E56B}
	EndProjectSection
EndProject
Project("{FAE04EC0-301F-11D3-BF4B-00C04F79EFBC}") = "XIDGenApp", "tools\XIDGenApp\XIDGenApp.csproj", "{502AC84C-38F9-48EC-90AA-A3D460A84797}"
EndProject
Project("{2150E333-8FDC-42A3-9474-1A3956D46DE8}") = "20-Compiler", "20-Compiler", "{D6E60B94-BD58-4618-BC1E-E27A45F2A0AE}"
EndProject
Project("{2150E333-8FDC-42A3-9474-1A3956D46DE8}") = "99-Tools", "99-Tools", "{1AE76739-7B96-4823-8A07-B6B81231BB72}"
EndProject
Project("{2150E333-8FDC-42A3-9474-1A3956D46DE8}") = "10-Grammar", "10-Grammar", "{C58F900E-66A4-4382-94FD-B8AD5D190DDD}"
	ProjectSection(SolutionItems) = preProject
		grammar\StarkLexer.g4 = grammar\StarkLexer.g4
		grammar\StarkParser.g4 = grammar\StarkParser.g4
		grammar\XID_Start_Continue.g4 = grammar\XID_Start_Continue.g4
	EndProjectSection
EndProject
Project("{FAE04EC0-301F-11D3-BF4B-00C04F79EFBC}") = "SpecsToAntlrApp", "tools\SpecsToAntlrApp\SpecsToAntlrApp.csproj", "{B857F54C-E16E-4307-A680-5D828220E56B}"
EndProject
Project("{2150E333-8FDC-42A3-9474-1A3956D46DE8}") = "00-Specs", "00-Specs", "{C3BECB96-420D-4503-9604-FFCFE44D52C4}"
	ProjectSection(SolutionItems) = preProject
		..\specs\tokens.md = ..\specs\tokens.md
	EndProjectSection
EndProject
Project("{FAE04EC0-301F-11D3-BF4B-00C04F79EFBC}") = "KeywordMatchGenApp", "tools\KeywordMatchGenApp\KeywordMatchGenApp.csproj", "{2C10C980-9C8A-42B6-AE6D-B9DFDA770B08}"
EndProject
Global
	GlobalSection(SolutionConfigurationPlatforms) = preSolution
		Debug|Any CPU = Debug|Any CPU
		Release|Any CPU = Release|Any CPU
	EndGlobalSection
	GlobalSection(ProjectConfigurationPlatforms) = postSolution
		{894B539F-C457-4A89-8856-69F08D93E883}.Debug|Any CPU.ActiveCfg = Debug|Any CPU
		{894B539F-C457-4A89-8856-69F08D93E883}.Debug|Any CPU.Build.0 = Debug|Any CPU
		{894B539F-C457-4A89-8856-69F08D93E883}.Release|Any CPU.ActiveCfg = Release|Any CPU
		{894B539F-C457-4A89-8856-69F08D93E883}.Release|Any CPU.Build.0 = Release|Any CPU
		{4276D5AF-9CC4-4EB0-A82C-C644D13CE251}.Debug|Any CPU.ActiveCfg = Debug|Any CPU
		{4276D5AF-9CC4-4EB0-A82C-C644D13CE251}.Debug|Any CPU.Build.0 = Debug|Any CPU
		{4276D5AF-9CC4-4EB0-A82C-C644D13CE251}.Release|Any CPU.ActiveCfg = Release|Any CPU
		{4276D5AF-9CC4-4EB0-A82C-C644D13CE251}.Release|Any CPU.Build.0 = Release|Any CPU
		{502AC84C-38F9-48EC-90AA-A3D460A84797}.Debug|Any CPU.ActiveCfg = Debug|Any CPU
		{502AC84C-38F9-48EC-90AA-A3D460A84797}.Debug|Any CPU.Build.0 = Debug|Any CPU
		{502AC84C-38F9-48EC-90AA-A3D460A84797}.Release|Any CPU.ActiveCfg = Release|Any CPU
		{502AC84C-38F9-48EC-90AA-A3D460A84797}.Release|Any CPU.Build.0 = Release|Any CPU
		{B857F54C-E16E-4307-A680-5D828220E56B}.Debug|Any CPU.ActiveCfg = Debug|Any CPU
		{B857F54C-E16E-4307-A680-5D828220E56B}.Debug|Any CPU.Build.0 = Debug|Any CPU
		{B857F54C-E16E-4307-A680-5D828220E56B}.Release|Any CPU.ActiveCfg = Release|Any CPU
		{B857F54C-E16E-4307-A680-5D828220E56B}.Release|Any CPU.Build.0 = Release|Any CPU
		{2C10C980-9C8A-42B6-AE6D-B9DFDA770B08}.Debug|Any CPU.ActiveCfg = Debug|Any CPU
		{2C10C980-9C8A-42B6-AE6D-B9DFDA770B08}.Debug|Any CPU.Build.0 = Debug|Any CPU
		{2C10C980-9C8A-42B6-AE6D-B9DFDA770B08}.Release|Any CPU.ActiveCfg = Release|Any CPU
		{2C10C980-9C8A-42B6-AE6D-B9DFDA770B08}.Release|Any CPU.Build.0 = Release|Any CPU
	EndGlobalSection
	GlobalSection(SolutionProperties) = preSolution
		HideSolutionNode = FALSE
	EndGlobalSection
	GlobalSection(NestedProjects) = preSolution
		{894B539F-C457-4A89-8856-69F08D93E883} = {D6E60B94-BD58-4618-BC1E-E27A45F2A0AE}
		{4276D5AF-9CC4-4EB0-A82C-C644D13CE251} = {D6E60B94-BD58-4618-BC1E-E27A45F2A0AE}
		{502AC84C-38F9-48EC-90AA-A3D460A84797} = {1AE76739-7B96-4823-8A07-B6B81231BB72}
		{B857F54C-E16E-4307-A680-5D828220E56B} = {1AE76739-7B96-4823-8A07-B6B81231BB72}
		{2C10C980-9C8A-42B6-AE6D-B9DFDA770B08} = {1AE76739-7B96-4823-8A07-B6B81231BB72}
	EndGlobalSection
EndGlobal
